// !$*UTF8*$!
{
	archiveVersion = 1;
	classes = {
	};
	objectVersion = 46;
	objects = {

/* Begin PBXBuildFile section */
		ED61C5CA1D9C61D800F14DE2 /* AppDelegate.swift in Sources */ = {isa = PBXBuildFile; fileRef = ED61C5C91D9C61D800F14DE2 /* AppDelegate.swift */; };
		ED61C5CC1D9C61D800F14DE2 /* ViewController.swift in Sources */ = {isa = PBXBuildFile; fileRef = ED61C5CB1D9C61D800F14DE2 /* ViewController.swift */; };
		ED61C5CF1D9C61D800F14DE2 /* Main.storyboard in Resources */ = {isa = PBXBuildFile; fileRef = ED61C5CD1D9C61D800F14DE2 /* Main.storyboard */; };
		ED61C5D11D9C61D800F14DE2 /* Assets.xcassets in Resources */ = {isa = PBXBuildFile; fileRef = ED61C5D01D9C61D800F14DE2 /* Assets.xcassets */; };
		ED61C5D41D9C61D800F14DE2 /* LaunchScreen.storyboard in Resources */ = {isa = PBXBuildFile; fileRef = ED61C5D21D9C61D800F14DE2 /* LaunchScreen.storyboard */; };
		ED61C5DF1D9C61D800F14DE2 /* MasteringTheJobHuntTests.swift in Sources */ = {isa = PBXBuildFile; fileRef = ED61C5DE1D9C61D800F14DE2 /* MasteringTheJobHuntTests.swift */; };
		ED61C5EA1D9C61D800F14DE2 /* MasteringTheJobHuntUITests.swift in Sources */ = {isa = PBXBuildFile; fileRef = ED61C5E91D9C61D800F14DE2 /* MasteringTheJobHuntUITests.swift */; };
/* End PBXBuildFile section */

/* Begin PBXContainerItemProxy section */
		ED61C5DB1D9C61D800F14DE2 /* PBXContainerItemProxy */ = {
			isa = PBXContainerItemProxy;
			containerPortal = ED61C5BE1D9C61D800F14DE2 /* Project object */;
			proxyType = 1;
			remoteGlobalIDString = ED61C5C51D9C61D800F14DE2;
			remoteInfo = MasteringTheJobHunt;
		};
		ED61C5E61D9C61D800F14DE2 /* PBXContainerItemProxy */ = {
			isa = PBXContainerItemProxy;
			containerPortal = ED61C5BE1D9C61D800F14DE2 /* Project object */;
			proxyType = 1;
			remoteGlobalIDString = ED61C5C51D9C61D800F14DE2;
			remoteInfo = MasteringTheJobHunt;
		};
/* End PBXContainerItemProxy section */

/* Begin PBXFileReference section */
		ED61C5C61D9C61D800F14DE2 /* MasteringTheJobHunt.app */ = {isa = PBXFileReference; explicitFileType = wrapper.application; includeInIndex = 0; path = MasteringTheJobHunt.app; sourceTree = BUILT_PRODUCTS_DIR; };
		ED61C5C91D9C61D800F14DE2 /* AppDelegate.swift */ = {isa = PBXFileReference; lastKnownFileType = sourcecode.swift; path = AppDelegate.swift; sourceTree = "<group>"; };
		ED61C5CB1D9C61D800F14DE2 /* ViewController.swift */ = {isa = PBXFileReference; lastKnownFileType = sourcecode.swift; path = ViewController.swift; sourceTree = "<group>"; };
		ED61C5CE1D9C61D800F14DE2 /* Base */ = {isa = PBXFileReference; lastKnownFileType = file.storyboard; name = Base; path = Base.lproj/Main.storyboard; sourceTree = "<group>"; };
		ED61C5D01D9C61D800F14DE2 /* Assets.xcassets */ = {isa = PBXFileReference; lastKnownFileType = folder.assetcatalog; path = Assets.xcassets; sourceTree = "<group>"; };
		ED61C5D31D9C61D800F14DE2 /* Base */ = {isa = PBXFileReference; lastKnownFileType = file.storyboard; name = Base; path = Base.lproj/LaunchScreen.storyboard; sourceTree = "<group>"; };
		ED61C5D51D9C61D800F14DE2 /* Info.plist */ = {isa = PBXFileReference; lastKnownFileType = text.plist.xml; path = Info.plist; sourceTree = "<group>"; };
		ED61C5DA1D9C61D800F14DE2 /* MasteringTheJobHuntTests.xctest */ = {isa = PBXFileReference; explicitFileType = wrapper.cfbundle; includeInIndex = 0; path = MasteringTheJobHuntTests.xctest; sourceTree = BUILT_PRODUCTS_DIR; };
		ED61C5DE1D9C61D800F14DE2 /* MasteringTheJobHuntTests.swift */ = {isa = PBXFileReference; lastKnownFileType = sourcecode.swift; path = MasteringTheJobHuntTests.swift; sourceTree = "<group>"; };
		ED61C5E01D9C61D800F14DE2 /* Info.plist */ = {isa = PBXFileReference; lastKnownFileType = text.plist.xml; path = Info.plist; sourceTree = "<group>"; };
		ED61C5E51D9C61D800F14DE2 /* MasteringTheJobHuntUITests.xctest */ = {isa = PBXFileReference; explicitFileType = wrapper.cfbundle; includeInIndex = 0; path = MasteringTheJobHuntUITests.xctest; sourceTree = BUILT_PRODUCTS_DIR; };
		ED61C5E91D9C61D800F14DE2 /* MasteringTheJobHuntUITests.swift */ = {isa = PBXFileReference; lastKnownFileType = sourcecode.swift; path = MasteringTheJobHuntUITests.swift; sourceTree = "<group>"; };
		ED61C5EB1D9C61D800F14DE2 /* Info.plist */ = {isa = PBXFileReference; lastKnownFileType = text.plist.xml; path = Info.plist; sourceTree = "<group>"; };
/* End PBXFileReference section */

/* Begin PBXFrameworksBuildPhase section */
		ED61C5C31D9C61D800F14DE2 /* Frameworks */ = {
			isa = PBXFrameworksBuildPhase;
			buildActionMask = 2147483647;
			files = (
			);
			runOnlyForDeploymentPostprocessing = 0;
		};
		ED61C5D71D9C61D800F14DE2 /* Frameworks */ = {
			isa = PBXFrameworksBuildPhase;
			buildActionMask = 2147483647;
			files = (
			);
			runOnlyForDeploymentPostprocessing = 0;
		};
		ED61C5E21D9C61D800F14DE2 /* Frameworks */ = {
			isa = PBXFrameworksBuildPhase;
			buildActionMask = 2147483647;
			files = (
			);
			runOnlyForDeploymentPostprocessing = 0;
		};
/* End PBXFrameworksBuildPhase section */

/* Begin PBXGroup section */
		ED61C5BD1D9C61D800F14DE2 = {
			isa = PBXGroup;
			children = (
				ED61C5C81D9C61D800F14DE2 /* MasteringTheJobHunt */,
				ED61C5DD1D9C61D800F14DE2 /* MasteringTheJobHuntTests */,
				ED61C5E81D9C61D800F14DE2 /* MasteringTheJobHuntUITests */,
				ED61C5C71D9C61D800F14DE2 /* Products */,
			);
			sourceTree = "<group>";
		};
		ED61C5C71D9C61D800F14DE2 /* Products */ = {
			isa = PBXGroup;
			children = (
				ED61C5C61D9C61D800F14DE2 /* MasteringTheJobHunt.app */,
				ED61C5DA1D9C61D800F14DE2 /* MasteringTheJobHuntTests.xctest */,
				ED61C5E51D9C61D800F14DE2 /* MasteringTheJobHuntUITests.xctest */,
			);
			name = Products;
			sourceTree = "<group>";
		};
		ED61C5C81D9C61D800F14DE2 /* MasteringTheJobHunt */ = {
			isa = PBXGroup;
			children = (
				ED61C5C91D9C61D800F14DE2 /* AppDelegate.swift */,
				ED61C5CB1D9C61D800F14DE2 /* ViewController.swift */,
				ED61C5CD1D9C61D800F14DE2 /* Main.storyboard */,
				ED61C5D01D9C61D800F14DE2 /* Assets.xcassets */,
				ED61C5D21D9C61D800F14DE2 /* LaunchScreen.storyboard */,
				ED61C5D51D9C61D800F14DE2 /* Info.plist */,
			);
			path = MasteringTheJobHunt;
			sourceTree = "<group>";
		};
		ED61C5DD1D9C61D800F14DE2 /* MasteringTheJobHuntTests */ = {
			isa = PBXGroup;
			children = (
				ED61C5DE1D9C61D800F14DE2 /* MasteringTheJobHuntTests.swift */,
				ED61C5E01D9C61D800F14DE2 /* Info.plist */,
			);
			path = MasteringTheJobHuntTests;
			sourceTree = "<group>";
		};
		ED61C5E81D9C61D800F14DE2 /* MasteringTheJobHuntUITests */ = {
			isa = PBXGroup;
			children = (
				ED61C5E91D9C61D800F14DE2 /* MasteringTheJobHuntUITests.swift */,
				ED61C5EB1D9C61D800F14DE2 /* Info.plist */,
			);
			path = MasteringTheJobHuntUITests;
			sourceTree = "<group>";
		};
/* End PBXGroup section */

/* Begin PBXNativeTarget section */
		ED61C5C51D9C61D800F14DE2 /* MasteringTheJobHunt */ = {
			isa = PBXNativeTarget;
			buildConfigurationList = ED61C5EE1D9C61D800F14DE2 /* Build configuration list for PBXNativeTarget "MasteringTheJobHunt" */;
			buildPhases = (
				ED61C5C21D9C61D800F14DE2 /* Sources */,
				ED61C5C31D9C61D800F14DE2 /* Frameworks */,
				ED61C5C41D9C61D800F14DE2 /* Resources */,
			);
			buildRules = (
			);
			dependencies = (
			);
			name = MasteringTheJobHunt;
			productName = MasteringTheJobHunt;
			productReference = ED61C5C61D9C61D800F14DE2 /* MasteringTheJobHunt.app */;
			productType = "com.apple.product-type.application";
		};
		ED61C5D91D9C61D800F14DE2 /* MasteringTheJobHuntTests */ = {
			isa = PBXNativeTarget;
			buildConfigurationList = ED61C5F11D9C61D800F14DE2 /* Build configuration list for PBXNativeTarget "MasteringTheJobHuntTests" */;
			buildPhases = (
				ED61C5D61D9C61D800F14DE2 /* Sources */,
				ED61C5D71D9C61D800F14DE2 /* Frameworks */,
				ED61C5D81D9C61D800F14DE2 /* Resources */,
			);
			buildRules = (
			);
			dependencies = (
				ED61C5DC1D9C61D800F14DE2 /* PBXTargetDependency */,
			);
			name = MasteringTheJobHuntTests;
			productName = MasteringTheJobHuntTests;
			productReference = ED61C5DA1D9C61D800F14DE2 /* MasteringTheJobHuntTests.xctest */;
			productType = "com.apple.product-type.bundle.unit-test";
		};
		ED61C5E41D9C61D800F14DE2 /* MasteringTheJobHuntUITests */ = {
			isa = PBXNativeTarget;
			buildConfigurationList = ED61C5F41D9C61D800F14DE2 /* Build configuration list for PBXNativeTarget "MasteringTheJobHuntUITests" */;
			buildPhases = (
				ED61C5E11D9C61D800F14DE2 /* Sources */,
				ED61C5E21D9C61D800F14DE2 /* Frameworks */,
				ED61C5E31D9C61D800F14DE2 /* Resources */,
			);
			buildRules = (
			);
			dependencies = (
				ED61C5E71D9C61D800F14DE2 /* PBXTargetDependency */,
			);
			name = MasteringTheJobHuntUITests;
			productName = MasteringTheJobHuntUITests;
			productReference = ED61C5E51D9C61D800F14DE2 /* MasteringTheJobHuntUITests.xctest */;
			productType = "com.apple.product-type.bundle.ui-testing";
		};
/* End PBXNativeTarget section */

/* Begin PBXProject section */
		ED61C5BE1D9C61D800F14DE2 /* Project object */ = {
			isa = PBXProject;
			attributes = {
				LastSwiftUpdateCheck = 0800;
				LastUpgradeCheck = 0800;
				ORGANIZATIONNAME = "Erica Correa";
				TargetAttributes = {
					ED61C5C51D9C61D800F14DE2 = {
						CreatedOnToolsVersion = 8.0;
						ProvisioningStyle = Automatic;
					};
					ED61C5D91D9C61D800F14DE2 = {
						CreatedOnToolsVersion = 8.0;
						ProvisioningStyle = Automatic;
						TestTargetID = ED61C5C51D9C61D800F14DE2;
					};
					ED61C5E41D9C61D800F14DE2 = {
						CreatedOnToolsVersion = 8.0;
						ProvisioningStyle = Automatic;
						TestTargetID = ED61C5C51D9C61D800F14DE2;
					};
				};
			};
			buildConfigurationList = ED61C5C11D9C61D800F14DE2 /* Build configuration list for PBXProject "MasteringTheJobHunt" */;
			compatibilityVersion = "Xcode 3.2";
			developmentRegion = English;
			hasScannedForEncodings = 0;
			knownRegions = (
				en,
				Base,
			);
			mainGroup = ED61C5BD1D9C61D800F14DE2;
			productRefGroup = ED61C5C71D9C61D800F14DE2 /* Products */;
			projectDirPath = "";
			projectRoot = "";
			targets = (
				ED61C5C51D9C61D800F14DE2 /* MasteringTheJobHunt */,
				ED61C5D91D9C61D800F14DE2 /* MasteringTheJobHuntTests */,
				ED61C5E41D9C61D800F14DE2 /* MasteringTheJobHuntUITests */,
			);
		};
/* End PBXProject section */

/* Begin PBXResourcesBuildPhase section */
		ED61C5C41D9C61D800F14DE2 /* Resources */ = {
			isa = PBXResourcesBuildPhase;
			buildActionMask = 2147483647;
			files = (
				ED61C5D41D9C61D800F14DE2 /* LaunchScreen.storyboard in Resources */,
				ED61C5D11D9C61D800F14DE2 /* Assets.xcassets in Resources */,
				ED61C5CF1D9C61D800F14DE2 /* Main.storyboard in Resources */,
			);
			runOnlyForDeploymentPostprocessing = 0;
		};
		ED61C5D81D9C61D800F14DE2 /* Resources */ = {
			isa = PBXResourcesBuildPhase;
			buildActionMask = 2147483647;
			files = (
			);
			runOnlyForDeploymentPostprocessing = 0;
		};
		ED61C5E31D9C61D800F14DE2 /* Resources */ = {
			isa = PBXResourcesBuildPhase;
			buildActionMask = 2147483647;
			files = (
			);
			runOnlyForDeploymentPostprocessing = 0;
		};
/* End PBXResourcesBuildPhase section */

/* Begin PBXSourcesBuildPhase section */
		ED61C5C21D9C61D800F14DE2 /* Sources */ = {
			isa = PBXSourcesBuildPhase;
			buildActionMask = 2147483647;
			files = (
				ED61C5CC1D9C61D800F14DE2 /* ViewController.swift in Sources */,
				ED61C5CA1D9C61D800F14DE2 /* AppDelegate.swift in Sources */,
			);
			runOnlyForDeploymentPostprocessing = 0;
		};
		ED61C5D61D9C61D800F14DE2 /* Sources */ = {
			isa = PBXSourcesBuildPhase;
			buildActionMask = 2147483647;
			files = (
				ED61C5DF1D9C61D800F14DE2 /* MasteringTheJobHuntTests.swift in Sources */,
			);
			runOnlyForDeploymentPostprocessing = 0;
		};
		ED61C5E11D9C61D800F14DE2 /* Sources */ = {
			isa = PBXSourcesBuildPhase;
			buildActionMask = 2147483647;
			files = (
				ED61C5EA1D9C61D800F14DE2 /* MasteringTheJobHuntUITests.swift in Sources */,
			);
			runOnlyForDeploymentPostprocessing = 0;
		};
/* End PBXSourcesBuildPhase section */

/* Begin PBXTargetDependency section */
		ED61C5DC1D9C61D800F14DE2 /* PBXTargetDependency */ = {
			isa = PBXTargetDependency;
			target = ED61C5C51D9C61D800F14DE2 /* MasteringTheJobHunt */;
			targetProxy = ED61C5DB1D9C61D800F14DE2 /* PBXContainerItemProxy */;
		};
		ED61C5E71D9C61D800F14DE2 /* PBXTargetDependency */ = {
			isa = PBXTargetDependency;
			target = ED61C5C51D9C61D800F14DE2 /* MasteringTheJobHunt */;
			targetProxy = ED61C5E61D9C61D800F14DE2 /* PBXContainerItemProxy */;
		};
/* End PBXTargetDependency section */

/* Begin PBXVariantGroup section */
		ED61C5CD1D9C61D800F14DE2 /* Main.storyboard */ = {
			isa = PBXVariantGroup;
			children = (
				ED61C5CE1D9C61D800F14DE2 /* Base */,
			);
			name = Main.storyboard;
			sourceTree = "<group>";
		};
		ED61C5D21D9C61D800F14DE2 /* LaunchScreen.storyboard */ = {
			isa = PBXVariantGroup;
			children = (
				ED61C5D31D9C61D800F14DE2 /* Base */,
			);
			name = LaunchScreen.storyboard;
			sourceTree = "<group>";
		};
/* End PBXVariantGroup section */

/* Begin XCBuildConfiguration section */
		ED61C5EC1D9C61D800F14DE2 /* Debug */ = {
			isa = XCBuildConfiguration;
			buildSettings = {
				ALWAYS_SEARCH_USER_PATHS = NO;
				CLANG_ANALYZER_NONNULL = YES;
				CLANG_CXX_LANGUAGE_STANDARD = "gnu++0x";
				CLANG_CXX_LIBRARY = "libc++";
				CLANG_ENABLE_MODULES = YES;
				CLANG_ENABLE_OBJC_ARC = YES;
				CLANG_WARN_BOOL_CONVERSION = YES;
				CLANG_WARN_CONSTANT_CONVERSION = YES;
				CLANG_WARN_DIRECT_OBJC_ISA_USAGE = YES_ERROR;
				CLANG_WARN_DOCUMENTATION_COMMENTS = YES;
				CLANG_WARN_EMPTY_BODY = YES;
				CLANG_WARN_ENUM_CONVERSION = YES;
				CLANG_WARN_INFINITE_RECURSION = YES;
				CLANG_WARN_INT_CONVERSION = YES;
				CLANG_WARN_OBJC_ROOT_CLASS = YES_ERROR;
				CLANG_WARN_SUSPICIOUS_MOVES = YES;
				CLANG_WARN_UNREACHABLE_CODE = YES;
				CLANG_WARN__DUPLICATE_METHOD_MATCH = YES;
				"CODE_SIGN_IDENTITY[sdk=iphoneos*]" = "iPhone Developer";
				COPY_PHASE_STRIP = NO;
				DEBUG_INFORMATION_FORMAT = dwarf;
				ENABLE_STRICT_OBJC_MSGSEND = YES;
				ENABLE_TESTABILITY = YES;
				GCC_C_LANGUAGE_STANDARD = gnu99;
				GCC_DYNAMIC_NO_PIC = NO;
				GCC_NO_COMMON_BLOCKS = YES;
				GCC_OPTIMIZATION_LEVEL = 0;
				GCC_PREPROCESSOR_DEFINITIONS = (
					"DEBUG=1",
					"$(inherited)",
				);
				GCC_WARN_64_TO_32_BIT_CONVERSION = YES;
				GCC_WARN_ABOUT_RETURN_TYPE = YES_ERROR;
				GCC_WARN_UNDECLARED_SELECTOR = YES;
				GCC_WARN_UNINITIALIZED_AUTOS = YES_AGGRESSIVE;
				GCC_WARN_UNUSED_FUNCTION = YES;
				GCC_WARN_UNUSED_VARIABLE = YES;
				IPHONEOS_DEPLOYMENT_TARGET = 10.0;
				MTL_ENABLE_DEBUG_INFO = YES;
				ONLY_ACTIVE_ARCH = YES;
				SDKROOT = iphoneos;
				SWIFT_ACTIVE_COMPILATION_CONDITIONS = DEBUG;
				SWIFT_OPTIMIZATION_LEVEL = "-Onone";
				TARGETED_DEVICE_FAMILY = "1,2";
			};
			name = Debug;
		};
		ED61C5ED1D9C61D800F14DE2 /* Release */ = {
			isa = XCBuildConfiguration;
			buildSettings = {
				ALWAYS_SEARCH_USER_PATHS = NO;
				CLANG_ANALYZER_NONNULL = YES;
				CLANG_CXX_LANGUAGE_STANDARD = "gnu++0x";
				CLANG_CXX_LIBRARY = "libc++";
				CLANG_ENABLE_MODULES = YES;
				CLANG_ENABLE_OBJC_ARC = YES;
				CLANG_WARN_BOOL_CONVERSION = YES;
				CLANG_WARN_CONSTANT_CONVERSION = YES;
				CLANG_WARN_DIRECT_OBJC_ISA_USAGE = YES_ERROR;
				CLANG_WARN_DOCUMENTATION_COMMENTS = YES;
				CLANG_WARN_EMPTY_BODY = YES;
				CLANG_WARN_ENUM_CONVERSION = YES;
				CLANG_WARN_INFINITE_RECURSION = YES;
				CLANG_WARN_INT_CONVERSION = YES;
				CLANG_WARN_OBJC_ROOT_CLASS = YES_ERROR;
				CLANG_WARN_SUSPICIOUS_MOVES = YES;
				CLANG_WARN_UNREACHABLE_CODE = YES;
				CLANG_WARN__DUPLICATE_METHOD_MATCH = YES;
				"CODE_SIGN_IDENTITY[sdk=iphoneos*]" = "iPhone Developer";
				COPY_PHASE_STRIP = NO;
				DEBUG_INFORMATION_FORMAT = "dwarf-with-dsym";
				ENABLE_NS_ASSERTIONS = NO;
				ENABLE_STRICT_OBJC_MSGSEND = YES;
				GCC_C_LANGUAGE_STANDARD = gnu99;
				GCC_NO_COMMON_BLOCKS = YES;
				GCC_WARN_64_TO_32_BIT_CONVERSION = YES;
				GCC_WARN_ABOUT_RETURN_TYPE = YES_ERROR;
				GCC_WARN_UNDECLARED_SELECTOR = YES;
				GCC_WARN_UNINITIALIZED_AUTOS = YES_AGGRESSIVE;
				GCC_WARN_UNUSED_FUNCTION = YES;
				GCC_WARN_UNUSED_VARIABLE = YES;
				IPHONEOS_DEPLOYMENT_TARGET = 10.0;
				MTL_ENABLE_DEBUG_INFO = NO;
				SDKROOT = iphoneos;
				SWIFT_OPTIMIZATION_LEVEL = "-Owholemodule";
				TARGETED_DEVICE_FAMILY = "1,2";
				VALIDATE_PRODUCT = YES;
			};
			name = Release;
		};
		ED61C5EF1D9C61D800F14DE2 /* Debug */ = {
			isa = XCBuildConfiguration;
			buildSettings = {
				ASSETCATALOG_COMPILER_APPICON_NAME = AppIcon;
				INFOPLIST_FILE = MasteringTheJobHunt/Info.plist;
				LD_RUNPATH_SEARCH_PATHS = "$(inherited) @executable_path/Frameworks";
				PRODUCT_BUNDLE_IDENTIFIER = "Erica-Correa.MasteringTheJobHunt";
				PRODUCT_NAME = "$(TARGET_NAME)";
				SWIFT_VERSION = 3.0;
			};
			name = Debug;
		};
		ED61C5F01D9C61D800F14DE2 /* Release */ = {
			isa = XCBuildConfiguration;
			buildSettings = {
				ASSETCATALOG_COMPILER_APPICON_NAME = AppIcon;
				INFOPLIST_FILE = MasteringTheJobHunt/Info.plist;
				LD_RUNPATH_SEARCH_PATHS = "$(inherited) @executable_path/Frameworks";
				PRODUCT_BUNDLE_IDENTIFIER = "Erica-Correa.MasteringTheJobHunt";
				PRODUCT_NAME = "$(TARGET_NAME)";
				SWIFT_VERSION = 3.0;
			};
			name = Release;
		};
		ED61C5F21D9C61D800F14DE2 /* Debug */ = {
			isa = XCBuildConfiguration;
			buildSettings = {
				ALWAYS_EMBED_SWIFT_STANDARD_LIBRARIES = YES;
				BUNDLE_LOADER = "$(TEST_HOST)";
				INFOPLIST_FILE = MasteringTheJobHuntTests/Info.plist;
				LD_RUNPATH_SEARCH_PATHS = "$(inherited) @executable_path/Frameworks @loader_path/Frameworks";
				PRODUCT_BUNDLE_IDENTIFIER = "Erica-Correa.MasteringTheJobHuntTests";
				PRODUCT_NAME = "$(TARGET_NAME)";
				SWIFT_VERSION = 3.0;
				TEST_HOST = "$(BUILT_PRODUCTS_DIR)/MasteringTheJobHunt.app/MasteringTheJobHunt";
			};
			name = Debug;
		};
		ED61C5F31D9C61D800F14DE2 /* Release */ = {
			isa = XCBuildConfiguration;
			buildSettings = {
				ALWAYS_EMBED_SWIFT_STANDARD_LIBRARIES = YES;
				BUNDLE_LOADER = "$(TEST_HOST)";
				INFOPLIST_FILE = MasteringTheJobHuntTests/Info.plist;
				LD_RUNPATH_SEARCH_PATHS = "$(inherited) @executable_path/Frameworks @loader_path/Frameworks";
				PRODUCT_BUNDLE_IDENTIFIER = "Erica-Correa.MasteringTheJobHuntTests";
				PRODUCT_NAME = "$(TARGET_NAME)";
				SWIFT_VERSION = 3.0;
				TEST_HOST = "$(BUILT_PRODUCTS_DIR)/MasteringTheJobHunt.app/MasteringTheJobHunt";
			};
			name = Release;
		};
		ED61C5F51D9C61D800F14DE2 /* Debug */ = {
			isa = XCBuildConfiguration;
			buildSettings = {
				ALWAYS_EMBED_SWIFT_STANDARD_LIBRARIES = YES;
				INFOPLIST_FILE = MasteringTheJobHuntUITests/Info.plist;
				LD_RUNPATH_SEARCH_PATHS = "$(inherited) @executable_path/Frameworks @loader_path/Frameworks";
				PRODUCT_BUNDLE_IDENTIFIER = "Erica-Correa.MasteringTheJobHuntUITests";
				PRODUCT_NAME = "$(TARGET_NAME)";
				SWIFT_VERSION = 3.0;
				TEST_TARGET_NAME = MasteringTheJobHunt;
			};
			name = Debug;
		};
		ED61C5F61D9C61D800F14DE2 /* Release */ = {
			isa = XCBuildConfiguration;
			buildSettings = {
				ALWAYS_EMBED_SWIFT_STANDARD_LIBRARIES = YES;
				INFOPLIST_FILE = MasteringTheJobHuntUITests/Info.plist;
				LD_RUNPATH_SEARCH_PATHS = "$(inherited) @executable_path/Frameworks @loader_path/Frameworks";
				PRODUCT_BUNDLE_IDENTIFIER = "Erica-Correa.MasteringTheJobHuntUITests";
				PRODUCT_NAME = "$(TARGET_NAME)";
				SWIFT_VERSION = 3.0;
				TEST_TARGET_NAME = MasteringTheJobHunt;
			};
			name = Release;
		};
/* End XCBuildConfiguration section */

/* Begin XCConfigurationList section */
		ED61C5C11D9C61D800F14DE2 /* Build configuration list for PBXProject "MasteringTheJobHunt" */ = {
			isa = XCConfigurationList;
			buildConfigurations = (
				ED61C5EC1D9C61D800F14DE2 /* Debug */,
				ED61C5ED1D9C61D800F14DE2 /* Release */,
			);
			defaultConfigurationIsVisible = 0;
			defaultConfigurationName = Release;
		};
		ED61C5EE1D9C61D800F14DE2 /* Build configuration list for PBXNativeTarget "MasteringTheJobHunt" */ = {
			isa = XCConfigurationList;
			buildConfigurations = (
				ED61C5EF1D9C61D800F14DE2 /* Debug */,
				ED61C5F01D9C61D800F14DE2 /* Release */,
			);
			defaultConfigurationIsVisible = 0;
		};
		ED61C5F11D9C61D800F14DE2 /* Build configuration list for PBXNativeTarget "MasteringTheJobHuntTests" */ = {
			isa = XCConfigurationList;
			buildConfigurations = (
				ED61C5F21D9C61D800F14DE2 /* Debug */,
				ED61C5F31D9C61D800F14DE2 /* Release */,
			);
			defaultConfigurationIsVisible = 0;
		};
		ED61C5F41D9C61D800F14DE2 /* Build configuration list for PBXNativeTarget "MasteringTheJobHuntUITests" */ = {
			isa = XCConfigurationList;
			buildConfigurations = (
				ED61C5F51D9C61D800F14DE2 /* Debug */,
				ED61C5F61D9C61D800F14DE2 /* Release */,
			);
			defaultConfigurationIsVisible = 0;
		};
/* End XCConfigurationList section */
	};
	rootObject = ED61C5BE1D9C61D800F14DE2 /* Project object */;
}
